
Microsoft Visual Studio Solution File, Format Version 12.00
# Visual Studio Version 17
VisualStudioVersion = 17.7.33808.371
MinimumVisualStudioVersion = 10.0.40219.1
Project("{FAE04EC0-301F-11D3-BF4B-00C04F79EFBC}") = "JituUdemy", "JituUdemy\JituUdemy.csproj", "{08AA7DE8-838B-4B3A-ACBA-EE9A1BCCD0A2}"
EndProject
Global
	GlobalSection(SolutionConfigurationPlatforms) = preSolution
		Debug|Any CPU = Debug|Any CPU
		Release|Any CPU = Release|Any CPU
	EndGlobalSection
	GlobalSection(ProjectConfigurationPlatforms) = postSolution
		{08AA7DE8-838B-4B3A-ACBA-EE9A1BCCD0A2}.Debug|Any CPU.ActiveCfg = Debug|Any CPU
		{08AA7DE8-838B-4B3A-ACBA-EE9A1BCCD0A2}.Debug|Any CPU.Build.0 = Debug|Any CPU
		{08AA7DE8-838B-4B3A-ACBA-EE9A1BCCD0A2}.Release|Any CPU.ActiveCfg = Release|Any CPU
		{08AA7DE8-838B-4B3A-ACBA-EE9A1BCCD0A2}.Release|Any CPU.Build.0 = Release|Any CPU
	EndGlobalSection
	GlobalSection(SolutionProperties) = preSolution
		HideSolutionNode = FALSE
	EndGlobalSection
	GlobalSection(ExtensibilityGlobals) = postSolution
		SolutionGuid = {8474D089-73A6-4478-9DE8-F972FD7252C8}
	EndGlobalSection
EndGlobal
